
Microsoft Visual Studio Solution File, Format Version 12.00
# Visual Studio Version 17
VisualStudioVersion = 17.7.34018.315
MinimumVisualStudioVersion = 10.0.40219.1
Project("{FAE04EC0-301F-11D3-BF4B-00C04F79EFBC}") = "metovloadhometask.22.09", "metovloadhometask.22.09\metovloadhometask.22.09.csproj", "{B787B504-BDD7-44B7-84BD-A4F33E9D6270}"
EndProject
Global
	GlobalSection(SolutionConfigurationPlatforms) = preSolution
		Debug|Any CPU = Debug|Any CPU
		Release|Any CPU = Release|Any CPU
	EndGlobalSection
	GlobalSection(ProjectConfigurationPlatforms) = postSolution
		{B787B504-BDD7-44B7-84BD-A4F33E9D6270}.Debug|Any CPU.ActiveCfg = Debug|Any CPU
		{B787B504-BDD7-44B7-84BD-A4F33E9D6270}.Debug|Any CPU.Build.0 = Debug|Any CPU
		{B787B504-BDD7-44B7-84BD-A4F33E9D6270}.Release|Any CPU.ActiveCfg = Release|Any CPU
		{B787B504-BDD7-44B7-84BD-A4F33E9D6270}.Release|Any CPU.Build.0 = Release|Any CPU
	EndGlobalSection
	GlobalSection(SolutionProperties) = preSolution
		HideSolutionNode = FALSE
	EndGlobalSection
	GlobalSection(ExtensibilityGlobals) = postSolution
		SolutionGuid = {6FB12950-2FFA-4B9E-900C-22D47199A3E6}
	EndGlobalSection
EndGlobal
